
Microsoft Visual Studio Solution File, Format Version 12.00
# Visual Studio Version 16
VisualStudioVersion = 16.0.33214.272
MinimumVisualStudioVersion = 10.0.40219.1
Project("{FAE04EC0-301F-11D3-BF4B-00C04F79EFBC}") = "BookstoreProject", "BookstoreProject.csproj", "{59795C45-8377-441C-A141-15F85DA7FC07}"
EndProject
Global
	GlobalSection(SolutionConfigurationPlatforms) = preSolution
		Debug|Any CPU = Debug|Any CPU
		Release|Any CPU = Release|Any CPU
	EndGlobalSection
	GlobalSection(ProjectConfigurationPlatforms) = postSolution
		{59795C45-8377-441C-A141-15F85DA7FC07}.Debug|Any CPU.ActiveCfg = Debug|Any CPU
		{59795C45-8377-441C-A141-15F85DA7FC07}.Debug|Any CPU.Build.0 = Debug|Any CPU
		{59795C45-8377-441C-A141-15F85DA7FC07}.Release|Any CPU.ActiveCfg = Release|Any CPU
		{59795C45-8377-441C-A141-15F85DA7FC07}.Release|Any CPU.Build.0 = Release|Any CPU
	EndGlobalSection
	GlobalSection(SolutionProperties) = preSolution
		HideSolutionNode = FALSE
	EndGlobalSection
	GlobalSection(ExtensibilityGlobals) = postSolution
		SolutionGuid = {60B60600-63AB-4D7E-8F4C-B99E37A07C21}
	EndGlobalSection
EndGlobal
